// !$*UTF8*$!
{
	archiveVersion = 1;
	classes = {
	};
	objectVersion = 77;
	objects = {

/* Begin PBXContainerItemProxy section */
		3AFDF59D2FCC849B0039A084 /* PBXContainerItemProxy */ = {
			isa = PBXContainerItemProxy;
			containerPortal = 3AFDF5872FCC84980039A084 /* Project object */;
			proxyType = 1;
			remoteGlobalIDString = 3AFDF58E2FCC84980039A084;
			remoteInfo = Kulumeter;
		};
		3AFDF5A72FCC849B0039A084 /* PBXContainerItemProxy */ = {
			isa = PBXContainerItemProxy;
			containerPortal = 3AFDF5872FCC84980039A084 /* Project object */;
			proxyType = 1;
			remoteGlobalIDString = 3AFDF58E2FCC84980039A084;
			remoteInfo = Kulumeter;
		};
/* End PBXContainerItemProxy section */

/* Begin PBXFileReference section */
		3AFDF5B92FCC90000039A084 /* Signing.xcconfig */ = {isa = PBXFileReference; lastKnownFileType = text.xcconfig; path = Signing.xcconfig; sourceTree = "<group>"; };
		3AFDF58F2FCC84980039A084 /* Kulumeter.app */ = {isa = PBXFileReference; explicitFileType = wrapper.application; includeInIndex = 0; path = Kulumeter.app; sourceTree = BUILT_PRODUCTS_DIR; };
		3AFDF59C2FCC849B0039A084 /* KulumeterTests.xctest */ = {isa = PBXFileReference; explicitFileType = wrapper.cfbundle; includeInIndex = 0; path = KulumeterTests.xctest; sourceTree = BUILT_PRODUCTS_DIR; };
		3AFDF5A62FCC849B0039A084 /* KulumeterUITests.xctest */ = {isa = PBXFileReference; explicitFileType = wrapper.cfbundle; includeInIndex = 0; path = KulumeterUITests.xctest; sourceTree = BUILT_PRODUCTS_DIR; };
/* End PBXFileReference section */

/* Begin PBXFileSystemSynchronizedRootGroup section */
		3AFDF5912FCC84980039A084 /* Kulumeter */ = {
			isa = PBXFileSystemSynchronizedRootGroup;
			path = Kulumeter;
			sourceTree = "<group>";
		};
		3AFDF59F2FCC849B0039A084 /* KulumeterTests */ = {
			isa = PBXFileSystemSynchronizedRootGroup;
			path = KulumeterTests;
			sourceTree = "<group>";
		};
		3AFDF5A92FCC849B0039A084 /* KulumeterUITests */ = {
			isa = PBXFileSystemSynchronizedRootGroup;
			path = KulumeterUITests;
			sourceTree = "<group>";
		};
/* End PBXFileSystemSynchronizedRootGroup section */

/* Begin PBXFrameworksBuildPhase section */
		3AFDF58C2FCC84980039A084 /* Frameworks */ = {
			isa = PBXFrameworksBuildPhase;
			buildActionMask = 2147483647;
			files = (
			);
			runOnlyForDeploymentPostprocessing = 0;
		};
		3AFDF5992FCC849B0039A084 /* Frameworks */ = {
			isa = PBXFrameworksBuildPhase;
			buildActionMask = 2147483647;
			files = (
			);
			runOnlyForDeploymentPostprocessing = 0;
		};
		3AFDF5A32FCC849B0039A084 /* Frameworks */ = {
			isa = PBXFrameworksBuildPhase;
			buildActionMask = 2147483647;
			files = (
			);
			runOnlyForDeploymentPostprocessing = 0;
		};
/* End PBXFrameworksBuildPhase section */

/* Begin PBXGroup section */
		3AFDF5862FCC84980039A084 = {
			isa = PBXGroup;
			children = (
				3AFDF5B92FCC90000039A084 /* Signing.xcconfig */,
				3AFDF5912FCC84980039A084 /* Kulumeter */,
				3AFDF59F2FCC849B0039A084 /* KulumeterTests */,
				3AFDF5A92FCC849B0039A084 /* KulumeterUITests */,
				3AFDF5902FCC84980039A084 /* Products */,
			);
			sourceTree = "<group>";
		};
		3AFDF5902FCC84980039A084 /* Products */ = {
			isa = PBXGroup;
			children = (
				3AFDF58F2FCC84980039A084 /* Kulumeter.app */,
				3AFDF59C2FCC849B0039A084 /* KulumeterTests.xctest */,
				3AFDF5A62FCC849B0039A084 /* KulumeterUITests.xctest */,
			);
			name = Products;
			sourceTree = "<group>";
		};
/* End PBXGroup section */

/* Begin PBXNativeTarget section */
		3AFDF58E2FCC84980039A084 /* Kulumeter */ = {
			isa = PBXNativeTarget;
			buildConfigurationList = 3AFDF5B02FCC849B0039A084 /* Build configuration list for PBXNativeTarget "Kulumeter" */;
			buildPhases = (
				3AFDF58B2FCC84980039A084 /* Sources */,
				3AFDF58C2FCC84980039A084 /* Frameworks */,
				3AFDF58D2FCC84980039A084 /* Resources */,
			);
			buildRules = (
			);
			dependencies = (
			);
			fileSystemSynchronizedGroups = (
				3AFDF5912FCC84980039A084 /* Kulumeter */,
			);
			name = Kulumeter;
			packageProductDependencies = (
			);
			productName = Kulumeter;
			productReference = 3AFDF58F2FCC84980039A084 /* Kulumeter.app */;
			productType = "com.apple.product-type.application";
		};
		3AFDF59B2FCC849B0039A084 /* KulumeterTests */ = {
			isa = PBXNativeTarget;
			buildConfigurationList = 3AFDF5B32FCC849B0039A084 /* Build configuration list for PBXNativeTarget "KulumeterTests" */;
			buildPhases = (
				3AFDF5982FCC849B0039A084 /* Sources */,
				3AFDF5992FCC849B0039A084 /* Frameworks */,
				3AFDF59A2FCC849B0039A084 /* Resources */,
			);
			buildRules = (
			);
			dependencies = (
				3AFDF59E2FCC849B0039A084 /* PBXTargetDependency */,
			);
			fileSystemSynchronizedGroups = (
				3AFDF59F2FCC849B0039A084 /* KulumeterTests */,
			);
			name = KulumeterTests;
			packageProductDependencies = (
			);
			productName = KulumeterTests;
			productReference = 3AFDF59C2FCC849B0039A084 /* KulumeterTests.xctest */;
			productType = "com.apple.product-type.bundle.unit-test";
		};
		3AFDF5A52FCC849B0039A084 /* KulumeterUITests */ = {
			isa = PBXNativeTarget;
			buildConfigurationList = 3AFDF5B62FCC849B0039A084 /* Build configuration list for PBXNativeTarget "KulumeterUITests" */;
			buildPhases = (
				3AFDF5A22FCC849B0039A084 /* Sources */,
				3AFDF5A32FCC849B0039A084 /* Frameworks */,
				3AFDF5A42FCC849B0039A084 /* Resources */,
			);
			buildRules = (
			);
			dependencies = (
				3AFDF5A82FCC849B0039A084 /* PBXTargetDependency */,
			);
			fileSystemSynchronizedGroups = (
				3AFDF5A92FCC849B0039A084 /* KulumeterUITests */,
			);
			name = KulumeterUITests;
			packageProductDependencies = (
			);
			productName = KulumeterUITests;
			productReference = 3AFDF5A62FCC849B0039A084 /* KulumeterUITests.xctest */;
			productType = "com.apple.product-type.bundle.ui-testing";
		};
/* End PBXNativeTarget section */

/* Begin PBXProject section */
		3AFDF5872FCC84980039A084 /* Project object */ = {
			isa = PBXProject;
			attributes = {
				BuildIndependentTargetsInParallel = 1;
				LastSwiftUpdateCheck = 2640;
				LastUpgradeCheck = 2640;
				TargetAttributes = {
					3AFDF58E2FCC84980039A084 = {
						CreatedOnToolsVersion = 26.4;
					};
					3AFDF59B2FCC849B0039A084 = {
						CreatedOnToolsVersion = 26.4;
						TestTargetID = 3AFDF58E2FCC84980039A084;
					};
					3AFDF5A52FCC849B0039A084 = {
						CreatedOnToolsVersion = 26.4;
						TestTargetID = 3AFDF58E2FCC84980039A084;
					};
				};
			};
			buildConfigurationList = 3AFDF58A2FCC84980039A084 /* Build configuration list for PBXProject "Kulumeter" */;
			developmentRegion = en;
			hasScannedForEncodings = 0;
			knownRegions = (
				en,
				Base,
			);
			mainGroup = 3AFDF5862FCC84980039A084;
			minimizedProjectReferenceProxies = 1;
			preferredProjectObjectVersion = 77;
			productRefGroup = 3AFDF5902FCC84980039A084 /* Products */;
			projectDirPath = "";
			projectRoot = "";
			targets = (
				3AFDF58E2FCC84980039A084 /* Kulumeter */,
				3AFDF59B2FCC849B0039A084 /* KulumeterTests */,
				3AFDF5A52FCC849B0039A084 /* KulumeterUITests */,
			);
		};
/* End PBXProject section */

/* Begin PBXResourcesBuildPhase section */
		3AFDF58D2FCC84980039A084 /* Resources */ = {
			isa = PBXResourcesBuildPhase;
			buildActionMask = 2147483647;
			files = (
			);
			runOnlyForDeploymentPostprocessing = 0;
		};
		3AFDF59A2FCC849B0039A084 /* Resources */ = {
			isa = PBXResourcesBuildPhase;
			buildActionMask = 2147483647;
			files = (
			);
			runOnlyForDeploymentPostprocessing = 0;
		};
		3AFDF5A42FCC849B0039A084 /* Resources */ = {
			isa = PBXResourcesBuildPhase;
			buildActionMask = 2147483647;
			files = (
			);
			runOnlyForDeploymentPostprocessing = 0;
		};
/* End PBXResourcesBuildPhase section */

/* Begin PBXSourcesBuildPhase section */
		3AFDF58B2FCC84980039A084 /* Sources */ = {
			isa = PBXSourcesBuildPhase;
			buildActionMask = 2147483647;
			files = (
			);
			runOnlyForDeploymentPostprocessing = 0;
		};
		3AFDF5982FCC849B0039A084 /* Sources */ = {
			isa = PBXSourcesBuildPhase;
			buildActionMask = 2147483647;
			files = (
			);
			runOnlyForDeploymentPostprocessing = 0;
		};
		3AFDF5A22FCC849B0039A084 /* Sources */ = {
			isa = PBXSourcesBuildPhase;
			buildActionMask = 2147483647;
			files = (
			);
			runOnlyForDeploymentPostprocessing = 0;
		};
/* End PBXSourcesBuildPhase section */

/* Begin PBXTargetDependency section */
		3AFDF59E2FCC849B0039A084 /* PBXTargetDependency */ = {
			isa = PBXTargetDependency;
			target = 3AFDF58E2FCC84980039A084 /* Kulumeter */;
			targetProxy = 3AFDF59D2FCC849B0039A084 /* PBXContainerItemProxy */;
		};
		3AFDF5A82FCC849B0039A084 /* PBXTargetDependency */ = {
			isa = PBXTargetDependency;
			target = 3AFDF58E2FCC84980039A084 /* Kulumeter */;
			targetProxy = 3AFDF5A72FCC849B0039A084 /* PBXContainerItemProxy */;
		};
/* End PBXTargetDependency section */

/* Begin XCBuildConfiguration section */
		3AFDF5AE2FCC849B0039A084 /* Debug */ = {
			isa = XCBuildConfiguration;
			baseConfigurationReference = 3AFDF5B92FCC90000039A084 /* Signing.xcconfig */;
			buildSettings = {
				ALWAYS_SEARCH_USER_PATHS = NO;
				ASSETCATALOG_COMPILER_GENERATE_SWIFT_ASSET_SYMBOL_EXTENSIONS = YES;
				CLANG_ANALYZER_NONNULL = YES;
				CLANG_ANALYZER_NUMBER_OBJECT_CONVERSION = YES_AGGRESSIVE;
				CLANG_CXX_LANGUAGE_STANDARD = "gnu++20";
				CLANG_ENABLE_MODULES = YES;
				CLANG_ENABLE_OBJC_ARC = YES;
				CLANG_ENABLE_OBJC_WEAK = YES;
				CLANG_WARN_BLOCK_CAPTURE_AUTORELEASING = YES;
				CLANG_WARN_BOOL_CONVERSION = YES;
				CLANG_WARN_COMMA = YES;
				CLANG_WARN_CONSTANT_CONVERSION = YES;
				CLANG_WARN_DEPRECATED_OBJC_IMPLEMENTATIONS = YES;
				CLANG_WARN_DIRECT_OBJC_ISA_USAGE = YES_ERROR;
				CLANG_WARN_DOCUMENTATION_COMMENTS = YES;
				CLANG_WARN_EMPTY_BODY = YES;
				CLANG_WARN_ENUM_CONVERSION = YES;
				CLANG_WARN_INFINITE_RECURSION = YES;
				CLANG_WARN_INT_CONVERSION = YES;
				CLANG_WARN_NON_LITERAL_NULL_CONVERSION = YES;
				CLANG_WARN_OBJC_IMPLICIT_RETAIN_SELF = YES;
				CLANG_WARN_OBJC_LITERAL_CONVERSION = YES;
				CLANG_WARN_OBJC_ROOT_CLASS = YES_ERROR;
				CLANG_WARN_QUOTED_INCLUDE_IN_FRAMEWORK_HEADER = YES;
				CLANG_WARN_RANGE_LOOP_ANALYSIS = YES;
				CLANG_WARN_STRICT_PROTOTYPES = YES;
				CLANG_WARN_SUSPICIOUS_MOVE = YES;
				CLANG_WARN_UNGUARDED_AVAILABILITY = YES_AGGRESSIVE;
				CLANG_WARN_UNREACHABLE_CODE = YES;
				CLANG_WARN__DUPLICATE_METHOD_MATCH = YES;
				COPY_PHASE_STRIP = NO;
				DEBUG_INFORMATION_FORMAT = dwarf;
				DEVELOPMENT_TEAM = "$(KULUMETER_DEVELOPMENT_TEAM)";
				ENABLE_STRICT_OBJC_MSGSEND = YES;
				ENABLE_TESTABILITY = YES;
				ENABLE_USER_SCRIPT_SANDBOXING = YES;
				GCC_C_LANGUAGE_STANDARD = gnu17;
				GCC_DYNAMIC_NO_PIC = NO;
				GCC_NO_COMMON_BLOCKS = YES;
				GCC_OPTIMIZATION_LEVEL = 0;
				GCC_PREPROCESSOR_DEFINITIONS = (
					"DEBUG=1",
					"$(inherited)",
				);
				GCC_WARN_64_TO_32_BIT_CONVERSION = YES;
				GCC_WARN_ABOUT_RETURN_TYPE = YES_ERROR;
				GCC_WARN_UNDECLARED_SELECTOR = YES;
				GCC_WARN_UNINITIALIZED_AUTOS = YES_AGGRESSIVE;
				GCC_WARN_UNUSED_FUNCTION = YES;
				GCC_WARN_UNUSED_VARIABLE = YES;
				IPHONEOS_DEPLOYMENT_TARGET = 26.4;
				LOCALIZATION_PREFERS_STRING_CATALOGS = YES;
				MTL_ENABLE_DEBUG_INFO = INCLUDE_SOURCE;
				MTL_FAST_MATH = YES;
				ONLY_ACTIVE_ARCH = YES;
				SDKROOT = iphoneos;
				SWIFT_ACTIVE_COMPILATION_CONDITIONS = "DEBUG $(inherited)";
				SWIFT_OPTIMIZATION_LEVEL = "-Onone";
			};
			name = Debug;
		};
		3AFDF5AF2FCC849B0039A084 /* Release */ = {
			isa = XCBuildConfiguration;
			baseConfigurationReference = 3AFDF5B92FCC90000039A084 /* Signing.xcconfig */;
			buildSettings = {
				ALWAYS_SEARCH_USER_PATHS = NO;
				ASSETCATALOG_COMPILER_GENERATE_SWIFT_ASSET_SYMBOL_EXTENSIONS = YES;
				CLANG_ANALYZER_NONNULL = YES;
				CLANG_ANALYZER_NUMBER_OBJECT_CONVERSION = YES_AGGRESSIVE;
				CLANG_CXX_LANGUAGE_STANDARD = "gnu++20";
				CLANG_ENABLE_MODULES = YES;
				CLANG_ENABLE_OBJC_ARC = YES;
				CLANG_ENABLE_OBJC_WEAK = YES;
				CLANG_WARN_BLOCK_CAPTURE_AUTORELEASING = YES;
				CLANG_WARN_BOOL_CONVERSION = YES;
				CLANG_WARN_COMMA = YES;
				CLANG_WARN_CONSTANT_CONVERSION = YES;
				CLANG_WARN_DEPRECATED_OBJC_IMPLEMENTATIONS = YES;
				CLANG_WARN_DIRECT_OBJC_ISA_USAGE = YES_ERROR;
				CLANG_WARN_DOCUMENTATION_COMMENTS = YES;
				CLANG_WARN_EMPTY_BODY = YES;
				CLANG_WARN_ENUM_CONVERSION = YES;
				CLANG_WARN_INFINITE_RECURSION = YES;
				CLANG_WARN_INT_CONVERSION = YES;
				CLANG_WARN_NON_LITERAL_NULL_CONVERSION = YES;
				CLANG_WARN_OBJC_IMPLICIT_RETAIN_SELF = YES;
				CLANG_WARN_OBJC_LITERAL_CONVERSION = YES;
				CLANG_WARN_OBJC_ROOT_CLASS = YES_ERROR;
				CLANG_WARN_QUOTED_INCLUDE_IN_FRAMEWORK_HEADER = YES;
				CLANG_WARN_RANGE_LOOP_ANALYSIS = YES;
				CLANG_WARN_STRICT_PROTOTYPES = YES;
				CLANG_WARN_SUSPICIOUS_MOVE = YES;
				CLANG_WARN_UNGUARDED_AVAILABILITY = YES_AGGRESSIVE;
				CLANG_WARN_UNREACHABLE_CODE = YES;
				CLANG_WARN__DUPLICATE_METHOD_MATCH = YES;
				COPY_PHASE_STRIP = NO;
				DEBUG_INFORMATION_FORMAT = "dwarf-with-dsym";
				DEVELOPMENT_TEAM = "$(KULUMETER_DEVELOPMENT_TEAM)";
				ENABLE_NS_ASSERTIONS = NO;
				ENABLE_STRICT_OBJC_MSGSEND = YES;
				ENABLE_USER_SCRIPT_SANDBOXING = YES;
				GCC_C_LANGUAGE_STANDARD = gnu17;
				GCC_NO_COMMON_BLOCKS = YES;
				GCC_WARN_64_TO_32_BIT_CONVERSION = YES;
				GCC_WARN_ABOUT_RETURN_TYPE = YES_ERROR;
				GCC_WARN_UNDECLARED_SELECTOR = YES;
				GCC_WARN_UNINITIALIZED_AUTOS = YES_AGGRESSIVE;
				GCC_WARN_UNUSED_FUNCTION = YES;
				GCC_WARN_UNUSED_VARIABLE = YES;
				IPHONEOS_DEPLOYMENT_TARGET = 26.4;
				LOCALIZATION_PREFERS_STRING_CATALOGS = YES;
				MTL_ENABLE_DEBUG_INFO = NO;
				MTL_FAST_MATH = YES;
				SDKROOT = iphoneos;
				SWIFT_COMPILATION_MODE = wholemodule;
				VALIDATE_PRODUCT = YES;
			};
			name = Release;
		};
		3AFDF5B12FCC849B0039A084 /* Debug */ = {
			isa = XCBuildConfiguration;
			baseConfigurationReference = 3AFDF5B92FCC90000039A084 /* Signing.xcconfig */;
			buildSettings = {
				ASSETCATALOG_COMPILER_APPICON_NAME = AppIcon;
				ASSETCATALOG_COMPILER_GLOBAL_ACCENT_COLOR_NAME = AccentColor;
				CODE_SIGN_ENTITLEMENTS = Kulumeter/Kulumeter.entitlements;
				CODE_SIGN_STYLE = Automatic;
				CURRENT_PROJECT_VERSION = 1;
				DEVELOPMENT_TEAM = "$(KULUMETER_DEVELOPMENT_TEAM)";
				ENABLE_PREVIEWS = YES;
				GENERATE_INFOPLIST_FILE = YES;
				INFOPLIST_KEY_NSHealthShareUsageDescription = "Kulumeter reads cycling workouts and cycling distance from Apple Health to upload daily totals to Kilometrikisa.";
				INFOPLIST_KEY_UIApplicationSceneManifest_Generation = YES;
				INFOPLIST_KEY_UIApplicationSupportsIndirectInputEvents = YES;
				INFOPLIST_KEY_UILaunchScreen_Generation = YES;
				INFOPLIST_KEY_UISupportedInterfaceOrientations_iPad = "UIInterfaceOrientationPortrait UIInterfaceOrientationPortraitUpsideDown UIInterfaceOrientationLandscapeLeft UIInterfaceOrientationLandscapeRight";
				INFOPLIST_KEY_UISupportedInterfaceOrientations_iPhone = "UIInterfaceOrientationPortrait UIInterfaceOrientationLandscapeLeft UIInterfaceOrientationLandscapeRight";
				LD_RUNPATH_SEARCH_PATHS = (
					"$(inherited)",
					"@executable_path/Frameworks",
				);
				MARKETING_VERSION = 1.0;
				PRODUCT_BUNDLE_IDENTIFIER = "$(KULUMETER_BUNDLE_IDENTIFIER)";
				PRODUCT_NAME = "$(TARGET_NAME)";
				STRING_CATALOG_GENERATE_SYMBOLS = YES;
				SWIFT_APPROACHABLE_CONCURRENCY = YES;
				SWIFT_DEFAULT_ACTOR_ISOLATION = MainActor;
				SWIFT_EMIT_LOC_STRINGS = YES;
				SWIFT_UPCOMING_FEATURE_MEMBER_IMPORT_VISIBILITY = YES;
				SWIFT_VERSION = 5.0;
				TARGETED_DEVICE_FAMILY = "1,2";
			};
			name = Debug;
		};
		3AFDF5B22FCC849B0039A084 /* Release */ = {
			isa = XCBuildConfiguration;
			baseConfigurationReference = 3AFDF5B92FCC90000039A084 /* Signing.xcconfig */;
			buildSettings = {
				ASSETCATALOG_COMPILER_APPICON_NAME = AppIcon;
				ASSETCATALOG_COMPILER_GLOBAL_ACCENT_COLOR_NAME = AccentColor;
				CODE_SIGN_ENTITLEMENTS = Kulumeter/Kulumeter.entitlements;
				CODE_SIGN_STYLE = Automatic;
				CURRENT_PROJECT_VERSION = 1;
				DEVELOPMENT_TEAM = "$(KULUMETER_DEVELOPMENT_TEAM)";
				ENABLE_PREVIEWS = YES;
				GENERATE_INFOPLIST_FILE = YES;
				INFOPLIST_KEY_NSHealthShareUsageDescription = "Kulumeter reads cycling workouts and cycling distance from Apple Health to upload daily totals to Kilometrikisa.";
				INFOPLIST_KEY_UIApplicationSceneManifest_Generation = YES;
				INFOPLIST_KEY_UIApplicationSupportsIndirectInputEvents = YES;
				INFOPLIST_KEY_UILaunchScreen_Generation = YES;
				INFOPLIST_KEY_UISupportedInterfaceOrientations_iPad = "UIInterfaceOrientationPortrait UIInterfaceOrientationPortraitUpsideDown UIInterfaceOrientationLandscapeLeft UIInterfaceOrientationLandscapeRight";
				INFOPLIST_KEY_UISupportedInterfaceOrientations_iPhone = "UIInterfaceOrientationPortrait UIInterfaceOrientationLandscapeLeft UIInterfaceOrientationLandscapeRight";
				LD_RUNPATH_SEARCH_PATHS = (
					"$(inherited)",
					"@executable_path/Frameworks",
				);
				MARKETING_VERSION = 1.0;
				PRODUCT_BUNDLE_IDENTIFIER = "$(KULUMETER_BUNDLE_IDENTIFIER)";
				PRODUCT_NAME = "$(TARGET_NAME)";
				STRING_CATALOG_GENERATE_SYMBOLS = YES;
				SWIFT_APPROACHABLE_CONCURRENCY = YES;
				SWIFT_DEFAULT_ACTOR_ISOLATION = MainActor;
				SWIFT_EMIT_LOC_STRINGS = YES;
				SWIFT_UPCOMING_FEATURE_MEMBER_IMPORT_VISIBILITY = YES;
				SWIFT_VERSION = 5.0;
				TARGETED_DEVICE_FAMILY = "1,2";
			};
			name = Release;
		};
		3AFDF5B42FCC849B0039A084 /* Debug */ = {
			isa = XCBuildConfiguration;
			baseConfigurationReference = 3AFDF5B92FCC90000039A084 /* Signing.xcconfig */;
			buildSettings = {
				BUNDLE_LOADER = "$(TEST_HOST)";
				CODE_SIGN_STYLE = Automatic;
				CURRENT_PROJECT_VERSION = 1;
				DEVELOPMENT_TEAM = "$(KULUMETER_DEVELOPMENT_TEAM)";
				GENERATE_INFOPLIST_FILE = YES;
				IPHONEOS_DEPLOYMENT_TARGET = 26.4;
				MARKETING_VERSION = 1.0;
				PRODUCT_BUNDLE_IDENTIFIER = "$(KULUMETER_BUNDLE_IDENTIFIER).Tests";
				PRODUCT_NAME = "$(TARGET_NAME)";
				STRING_CATALOG_GENERATE_SYMBOLS = NO;
				SWIFT_APPROACHABLE_CONCURRENCY = YES;
				SWIFT_EMIT_LOC_STRINGS = NO;
				SWIFT_UPCOMING_FEATURE_MEMBER_IMPORT_VISIBILITY = YES;
				SWIFT_VERSION = 5.0;
				TARGETED_DEVICE_FAMILY = "1,2";
				TEST_HOST = "$(BUILT_PRODUCTS_DIR)/Kulumeter.app/$(BUNDLE_EXECUTABLE_FOLDER_PATH)/Kulumeter";
			};
			name = Debug;
		};
		3AFDF5B52FCC849B0039A084 /* Release */ = {
			isa = XCBuildConfiguration;
			baseConfigurationReference = 3AFDF5B92FCC90000039A084 /* Signing.xcconfig */;
			buildSettings = {
				BUNDLE_LOADER = "$(TEST_HOST)";
				CODE_SIGN_STYLE = Automatic;
				CURRENT_PROJECT_VERSION = 1;
				DEVELOPMENT_TEAM = "$(KULUMETER_DEVELOPMENT_TEAM)";
				GENERATE_INFOPLIST_FILE = YES;
				IPHONEOS_DEPLOYMENT_TARGET = 26.4;
				MARKETING_VERSION = 1.0;
				PRODUCT_BUNDLE_IDENTIFIER = "$(KULUMETER_BUNDLE_IDENTIFIER).Tests";
				PRODUCT_NAME = "$(TARGET_NAME)";
				STRING_CATALOG_GENERATE_SYMBOLS = NO;
				SWIFT_APPROACHABLE_CONCURRENCY = YES;
				SWIFT_EMIT_LOC_STRINGS = NO;
				SWIFT_UPCOMING_FEATURE_MEMBER_IMPORT_VISIBILITY = YES;
				SWIFT_VERSION = 5.0;
				TARGETED_DEVICE_FAMILY = "1,2";
				TEST_HOST = "$(BUILT_PRODUCTS_DIR)/Kulumeter.app/$(BUNDLE_EXECUTABLE_FOLDER_PATH)/Kulumeter";
			};
			name = Release;
		};
		3AFDF5B72FCC849B0039A084 /* Debug */ = {
			isa = XCBuildConfiguration;
			baseConfigurationReference = 3AFDF5B92FCC90000039A084 /* Signing.xcconfig */;
			buildSettings = {
				CODE_SIGN_STYLE = Automatic;
				CURRENT_PROJECT_VERSION = 1;
				DEVELOPMENT_TEAM = "$(KULUMETER_DEVELOPMENT_TEAM)";
				GENERATE_INFOPLIST_FILE = YES;
				MARKETING_VERSION = 1.0;
				PRODUCT_BUNDLE_IDENTIFIER = "$(KULUMETER_BUNDLE_IDENTIFIER).UITests";
				PRODUCT_NAME = "$(TARGET_NAME)";
				STRING_CATALOG_GENERATE_SYMBOLS = NO;
				SWIFT_APPROACHABLE_CONCURRENCY = YES;
				SWIFT_EMIT_LOC_STRINGS = NO;
				SWIFT_UPCOMING_FEATURE_MEMBER_IMPORT_VISIBILITY = YES;
				SWIFT_VERSION = 5.0;
				TARGETED_DEVICE_FAMILY = "1,2";
				TEST_TARGET_NAME = Kulumeter;
			};
			name = Debug;
		};
		3AFDF5B82FCC849B0039A084 /* Release */ = {
			isa = XCBuildConfiguration;
			baseConfigurationReference = 3AFDF5B92FCC90000039A084 /* Signing.xcconfig */;
			buildSettings = {
				CODE_SIGN_STYLE = Automatic;
				CURRENT_PROJECT_VERSION = 1;
				DEVELOPMENT_TEAM = "$(KULUMETER_DEVELOPMENT_TEAM)";
				GENERATE_INFOPLIST_FILE = YES;
				MARKETING_VERSION = 1.0;
				PRODUCT_BUNDLE_IDENTIFIER = "$(KULUMETER_BUNDLE_IDENTIFIER).UITests";
				PRODUCT_NAME = "$(TARGET_NAME)";
				STRING_CATALOG_GENERATE_SYMBOLS = NO;
				SWIFT_APPROACHABLE_CONCURRENCY = YES;
				SWIFT_EMIT_LOC_STRINGS = NO;
				SWIFT_UPCOMING_FEATURE_MEMBER_IMPORT_VISIBILITY = YES;
				SWIFT_VERSION = 5.0;
				TARGETED_DEVICE_FAMILY = "1,2";
				TEST_TARGET_NAME = Kulumeter;
			};
			name = Release;
		};
/* End XCBuildConfiguration section */

/* Begin XCConfigurationList section */
		3AFDF58A2FCC84980039A084 /* Build configuration list for PBXProject "Kulumeter" */ = {
			isa = XCConfigurationList;
			buildConfigurations = (
				3AFDF5AE2FCC849B0039A084 /* Debug */,
				3AFDF5AF2FCC849B0039A084 /* Release */,
			);
			defaultConfigurationIsVisible = 0;
			defaultConfigurationName = Release;
		};
		3AFDF5B02FCC849B0039A084 /* Build configuration list for PBXNativeTarget "Kulumeter" */ = {
			isa = XCConfigurationList;
			buildConfigurations = (
				3AFDF5B12FCC849B0039A084 /* Debug */,
				3AFDF5B22FCC849B0039A084 /* Release */,
			);
			defaultConfigurationIsVisible = 0;
			defaultConfigurationName = Release;
		};
		3AFDF5B32FCC849B0039A084 /* Build configuration list for PBXNativeTarget "KulumeterTests" */ = {
			isa = XCConfigurationList;
			buildConfigurations = (
				3AFDF5B42FCC849B0039A084 /* Debug */,
				3AFDF5B52FCC849B0039A084 /* Release */,
			);
			defaultConfigurationIsVisible = 0;
			defaultConfigurationName = Release;
		};
		3AFDF5B62FCC849B0039A084 /* Build configuration list for PBXNativeTarget "KulumeterUITests" */ = {
			isa = XCConfigurationList;
			buildConfigurations = (
				3AFDF5B72FCC849B0039A084 /* Debug */,
				3AFDF5B82FCC849B0039A084 /* Release */,
			);
			defaultConfigurationIsVisible = 0;
			defaultConfigurationName = Release;
		};
/* End XCConfigurationList section */
	};
	rootObject = 3AFDF5872FCC84980039A084 /* Project object */;
}
